// !$*UTF8*$!
{
	archiveVersion = 1;
	classes = {
	};
	objectVersion = 50;
	objects = {

/* Begin PBXBuildFile section */
		DC3DD7E02352CF5D00FE88FA /* AppViewModel.swift in Sources */ = {isa = PBXBuildFile; fileRef = DC3DD7DF2352CF5D00FE88FA /* AppViewModel.swift */; };
		DC3DD7E22352D4BA00FE88FA /* RemoteImage.swift in Sources */ = {isa = PBXBuildFile; fileRef = DC3DD7E12352D4BA00FE88FA /* RemoteImage.swift */; };
		DCAC89BA23529CC900FC4232 /* AppDelegate.swift in Sources */ = {isa = PBXBuildFile; fileRef = DCAC89B923529CC900FC4232 /* AppDelegate.swift */; };
		DCAC89BC23529CC900FC4232 /* SceneDelegate.swift in Sources */ = {isa = PBXBuildFile; fileRef = DCAC89BB23529CC900FC4232 /* SceneDelegate.swift */; };
		DCAC89BE23529CC900FC4232 /* ContentView.swift in Sources */ = {isa = PBXBuildFile; fileRef = DCAC89BD23529CC900FC4232 /* ContentView.swift */; };
		DCAC89C023529CCA00FC4232 /* Assets.xcassets in Resources */ = {isa = PBXBuildFile; fileRef = DCAC89BF23529CCA00FC4232 /* Assets.xcassets */; };
		DCAC89C323529CCA00FC4232 /* Preview Assets.xcassets in Resources */ = {isa = PBXBuildFile; fileRef = DCAC89C223529CCA00FC4232 /* Preview Assets.xcassets */; };
		DCAC89C623529CCA00FC4232 /* LaunchScreen.storyboard in Resources */ = {isa = PBXBuildFile; fileRef = DCAC89C423529CCA00FC4232 /* LaunchScreen.storyboard */; };
		DCAC89CE23529FAC00FC4232 /* Planet.swift in Sources */ = {isa = PBXBuildFile; fileRef = DCAC89CD23529FAC00FC4232 /* Planet.swift */; };
/* End PBXBuildFile section */

/* Begin PBXFileReference section */
		DC3DD7DF2352CF5D00FE88FA /* AppViewModel.swift */ = {isa = PBXFileReference; lastKnownFileType = sourcecode.swift; path = AppViewModel.swift; sourceTree = "<group>"; };
		DC3DD7E12352D4BA00FE88FA /* RemoteImage.swift */ = {isa = PBXFileReference; lastKnownFileType = sourcecode.swift; path = RemoteImage.swift; sourceTree = "<group>"; };
		DCAC89B623529CC900FC4232 /* Planets.app */ = {isa = PBXFileReference; explicitFileType = wrapper.application; includeInIndex = 0; path = Planets.app; sourceTree = BUILT_PRODUCTS_DIR; };
		DCAC89B923529CC900FC4232 /* AppDelegate.swift */ = {isa = PBXFileReference; lastKnownFileType = sourcecode.swift; path = AppDelegate.swift; sourceTree = "<group>"; };
		DCAC89BB23529CC900FC4232 /* SceneDelegate.swift */ = {isa = PBXFileReference; lastKnownFileType = sourcecode.swift; path = SceneDelegate.swift; sourceTree = "<group>"; };
		DCAC89BD23529CC900FC4232 /* ContentView.swift */ = {isa = PBXFileReference; lastKnownFileType = sourcecode.swift; path = ContentView.swift; sourceTree = "<group>"; };
		DCAC89BF23529CCA00FC4232 /* Assets.xcassets */ = {isa = PBXFileReference; lastKnownFileType = folder.assetcatalog; path = Assets.xcassets; sourceTree = "<group>"; };
		DCAC89C223529CCA00FC4232 /* Preview Assets.xcassets */ = {isa = PBXFileReference; lastKnownFileType = folder.assetcatalog; path = "Preview Assets.xcassets"; sourceTree = "<group>"; };
		DCAC89C523529CCA00FC4232 /* Base */ = {isa = PBXFileReference; lastKnownFileType = file.storyboard; name = Base; path = Base.lproj/LaunchScreen.storyboard; sourceTree = "<group>"; };
		DCAC89C723529CCA00FC4232 /* Info.plist */ = {isa = PBXFileReference; lastKnownFileType = text.plist.xml; path = Info.plist; sourceTree = "<group>"; };
		DCAC89CD23529FAC00FC4232 /* Planet.swift */ = {isa = PBXFileReference; fileEncoding = 4; lastKnownFileType = sourcecode.swift; path = Planet.swift; sourceTree = "<group>"; };
/* End PBXFileReference section */

/* Begin PBXFrameworksBuildPhase section */
		DCAC89B323529CC900FC4232 /* Frameworks */ = {
			isa = PBXFrameworksBuildPhase;
			buildActionMask = 2147483647;
			files = (
			);
			runOnlyForDeploymentPostprocessing = 0;
		};
/* End PBXFrameworksBuildPhase section */

/* Begin PBXGroup section */
		DCAC89AD23529CC900FC4232 = {
			isa = PBXGroup;
			children = (
				DCAC89B823529CC900FC4232 /* Planets */,
				DCAC89B723529CC900FC4232 /* Products */,
			);
			sourceTree = "<group>";
		};
		DCAC89B723529CC900FC4232 /* Products */ = {
			isa = PBXGroup;
			children = (
				DCAC89B623529CC900FC4232 /* Planets.app */,
			);
			name = Products;
			sourceTree = "<group>";
		};
		DCAC89B823529CC900FC4232 /* Planets */ = {
			isa = PBXGroup;
			children = (
				DC3DD7DF2352CF5D00FE88FA /* AppViewModel.swift */,
				DCAC89CD23529FAC00FC4232 /* Planet.swift */,
				DCAC89B923529CC900FC4232 /* AppDelegate.swift */,
				DCAC89BB23529CC900FC4232 /* SceneDelegate.swift */,
				DCAC89BD23529CC900FC4232 /* ContentView.swift */,
				DCAC89BF23529CCA00FC4232 /* Assets.xcassets */,
				DCAC89C423529CCA00FC4232 /* LaunchScreen.storyboard */,
				DCAC89C723529CCA00FC4232 /* Info.plist */,
				DCAC89C123529CCA00FC4232 /* Preview Content */,
				DC3DD7E12352D4BA00FE88FA /* RemoteImage.swift */,
			);
			path = Planets;
			sourceTree = "<group>";
		};
		DCAC89C123529CCA00FC4232 /* Preview Content */ = {
			isa = PBXGroup;
			children = (
				DCAC89C223529CCA00FC4232 /* Preview Assets.xcassets */,
			);
			path = "Preview Content";
			sourceTree = "<group>";
		};
/* End PBXGroup section */

/* Begin PBXNativeTarget section */
		DCAC89B523529CC900FC4232 /* Planets */ = {
			isa = PBXNativeTarget;
			buildConfigurationList = DCAC89CA23529CCA00FC4232 /* Build configuration list for PBXNativeTarget "Planets" */;
			buildPhases = (
				DCAC89B223529CC900FC4232 /* Sources */,
				DCAC89B323529CC900FC4232 /* Frameworks */,
				DCAC89B423529CC900FC4232 /* Resources */,
			);
			buildRules = (
			);
			dependencies = (
			);
			name = Planets;
			productName = Planets;
			productReference = DCAC89B623529CC900FC4232 /* Planets.app */;
			productType = "com.apple.product-type.application";
		};
/* End PBXNativeTarget section */

/* Begin PBXProject section */
		DCAC89AE23529CC900FC4232 /* Project object */ = {
			isa = PBXProject;
			attributes = {
				LastSwiftUpdateCheck = 1110;
				LastUpgradeCheck = 1110;
				ORGANIZATIONNAME = "Cochlear Ltd";
				TargetAttributes = {
					DCAC89B523529CC900FC4232 = {
						CreatedOnToolsVersion = 11.1;
					};
				};
			};
			buildConfigurationList = DCAC89B123529CC900FC4232 /* Build configuration list for PBXProject "Planets" */;
			compatibilityVersion = "Xcode 9.3";
			developmentRegion = en;
			hasScannedForEncodings = 0;
			knownRegions = (
				en,
				Base,
			);
			mainGroup = DCAC89AD23529CC900FC4232;
			productRefGroup = DCAC89B723529CC900FC4232 /* Products */;
			projectDirPath = "";
			projectRoot = "";
			targets = (
				DCAC89B523529CC900FC4232 /* Planets */,
			);
		};
/* End PBXProject section */

/* Begin PBXResourcesBuildPhase section */
		DCAC89B423529CC900FC4232 /* Resources */ = {
			isa = PBXResourcesBuildPhase;
			buildActionMask = 2147483647;
			files = (
				DCAC89C623529CCA00FC4232 /* LaunchScreen.storyboard in Resources */,
				DCAC89C323529CCA00FC4232 /* Preview Assets.xcassets in Resources */,
				DCAC89C023529CCA00FC4232 /* Assets.xcassets in Resources */,
			);
			runOnlyForDeploymentPostprocessing = 0;
		};
/* End PBXResourcesBuildPhase section */

/* Begin PBXSourcesBuildPhase section */
		DCAC89B223529CC900FC4232 /* Sources */ = {
			isa = PBXSourcesBuildPhase;
			buildActionMask = 2147483647;
			files = (
				DC3DD7E02352CF5D00FE88FA /* AppViewModel.swift in Sources */,
				DCAC89BA23529CC900FC4232 /* AppDelegate.swift in Sources */,
				DCAC89BC23529CC900FC4232 /* SceneDelegate.swift in Sources */,
				DC3DD7E22352D4BA00FE88FA /* RemoteImage.swift in Sources */,
				DCAC89BE23529CC900FC4232 /* ContentView.swift in Sources */,
				DCAC89CE23529FAC00FC4232 /* Planet.swift in Sources */,
			);
			runOnlyForDeploymentPostprocessing = 0;
		};
/* End PBXSourcesBuildPhase section */

/* Begin PBXVariantGroup section */
		DCAC89C423529CCA00FC4232 /* LaunchScreen.storyboard */ = {
			isa = PBXVariantGroup;
			children = (
				DCAC89C523529CCA00FC4232 /* Base */,
			);
			name = LaunchScreen.storyboard;
			sourceTree = "<group>";
		};
/* End PBXVariantGroup section */

/* Begin XCBuildConfiguration section */
		DCAC89C823529CCA00FC4232 /* Debug */ = {
			isa = XCBuildConfiguration;
			buildSettings = {
				ALWAYS_SEARCH_USER_PATHS = NO;
				CLANG_ANALYZER_NONNULL = YES;
				CLANG_ANALYZER_NUMBER_OBJECT_CONVERSION = YES_AGGRESSIVE;
				CLANG_CXX_LANGUAGE_STANDARD = "gnu++14";
				CLANG_CXX_LIBRARY = "libc++";
				CLANG_ENABLE_MODULES = YES;
				CLANG_ENABLE_OBJC_ARC = YES;
				CLANG_ENABLE_OBJC_WEAK = YES;
				CLANG_WARN_BLOCK_CAPTURE_AUTORELEASING = YES;
				CLANG_WARN_BOOL_CONVERSION = YES;
				CLANG_WARN_COMMA = YES;
				CLANG_WARN_CONSTANT_CONVERSION = YES;
				CLANG_WARN_DEPRECATED_OBJC_IMPLEMENTATIONS = YES;
				CLANG_WARN_DIRECT_OBJC_ISA_USAGE = YES_ERROR;
				CLANG_WARN_DOCUMENTATION_COMMENTS = YES;
				CLANG_WARN_EMPTY_BODY = YES;
				CLANG_WARN_ENUM_CONVERSION = YES;
				CLANG_WARN_INFINITE_RECURSION = YES;
				CLANG_WARN_INT_CONVERSION = YES;
				CLANG_WARN_NON_LITERAL_NULL_CONVERSION = YES;
				CLANG_WARN_OBJC_IMPLICIT_RETAIN_SELF = YES;
				CLANG_WARN_OBJC_LITERAL_CONVERSION = YES;
				CLANG_WARN_OBJC_ROOT_CLASS = YES_ERROR;
				CLANG_WARN_RANGE_LOOP_ANALYSIS = YES;
				CLANG_WARN_STRICT_PROTOTYPES = YES;
				CLANG_WARN_SUSPICIOUS_MOVE = YES;
				CLANG_WARN_UNGUARDED_AVAILABILITY = YES_AGGRESSIVE;
				CLANG_WARN_UNREACHABLE_CODE = YES;
				CLANG_WARN__DUPLICATE_METHOD_MATCH = YES;
				COPY_PHASE_STRIP = NO;
				DEBUG_INFORMATION_FORMAT = dwarf;
				ENABLE_STRICT_OBJC_MSGSEND = YES;
				ENABLE_TESTABILITY = YES;
				GCC_C_LANGUAGE_STANDARD = gnu11;
				GCC_DYNAMIC_NO_PIC = NO;
				GCC_NO_COMMON_BLOCKS = YES;
				GCC_OPTIMIZATION_LEVEL = 0;
				GCC_PREPROCESSOR_DEFINITIONS = (
					"DEBUG=1",
					"$(inherited)",
				);
				GCC_WARN_64_TO_32_BIT_CONVERSION = YES;
				GCC_WARN_ABOUT_RETURN_TYPE = YES_ERROR;
				GCC_WARN_UNDECLARED_SELECTOR = YES;
				GCC_WARN_UNINITIALIZED_AUTOS = YES_AGGRESSIVE;
				GCC_WARN_UNUSED_FUNCTION = YES;
				GCC_WARN_UNUSED_VARIABLE = YES;
				IPHONEOS_DEPLOYMENT_TARGET = 13.1;
				MTL_ENABLE_DEBUG_INFO = INCLUDE_SOURCE;
				MTL_FAST_MATH = YES;
				ONLY_ACTIVE_ARCH = YES;
				SDKROOT = iphoneos;
				SWIFT_ACTIVE_COMPILATION_CONDITIONS = DEBUG;
				SWIFT_OPTIMIZATION_LEVEL = "-Onone";
			};
			name = Debug;
		};
		DCAC89C923529CCA00FC4232 /* Release */ = {
			isa = XCBuildConfiguration;
			buildSettings = {
				ALWAYS_SEARCH_USER_PATHS = NO;
				CLANG_ANALYZER_NONNULL = YES;
				CLANG_ANALYZER_NUMBER_OBJECT_CONVERSION = YES_AGGRESSIVE;
				CLANG_CXX_LANGUAGE_STANDARD = "gnu++14";
				CLANG_CXX_LIBRARY = "libc++";
				CLANG_ENABLE_MODULES = YES;
				CLANG_ENABLE_OBJC_ARC = YES;
				CLANG_ENABLE_OBJC_WEAK = YES;
				CLANG_WARN_BLOCK_CAPTURE_AUTORELEASING = YES;
				CLANG_WARN_BOOL_CONVERSION = YES;
				CLANG_WARN_COMMA = YES;
				CLANG_WARN_CONSTANT_CONVERSION = YES;
				CLANG_WARN_DEPRECATED_OBJC_IMPLEMENTATIONS = YES;
				CLANG_WARN_DIRECT_OBJC_ISA_USAGE = YES_ERROR;
				CLANG_WARN_DOCUMENTATION_COMMENTS = YES;
				CLANG_WARN_EMPTY_BODY = YES;
				CLANG_WARN_ENUM_CONVERSION = YES;
				CLANG_WARN_INFINITE_RECURSION = YES;
				CLANG_WARN_INT_CONVERSION = YES;
				CLANG_WARN_NON_LITERAL_NULL_CONVERSION = YES;
				CLANG_WARN_OBJC_IMPLICIT_RETAIN_SELF = YES;
				CLANG_WARN_OBJC_LITERAL_CONVERSION = YES;
				CLANG_WARN_OBJC_ROOT_CLASS = YES_ERROR;
				CLANG_WARN_RANGE_LOOP_ANALYSIS = YES;
				CLANG_WARN_STRICT_PROTOTYPES = YES;
				CLANG_WARN_SUSPICIOUS_MOVE = YES;
				CLANG_WARN_UNGUARDED_AVAILABILITY = YES_AGGRESSIVE;
				CLANG_WARN_UNREACHABLE_CODE = YES;
				CLANG_WARN__DUPLICATE_METHOD_MATCH = YES;
				COPY_PHASE_STRIP = NO;
				DEBUG_INFORMATION_FORMAT = "dwarf-with-dsym";
				ENABLE_NS_ASSERTIONS = NO;
				ENABLE_STRICT_OBJC_MSGSEND = YES;
				GCC_C_LANGUAGE_STANDARD = gnu11;
				GCC_NO_COMMON_BLOCKS = YES;
				GCC_WARN_64_TO_32_BIT_CONVERSION = YES;
				GCC_WARN_ABOUT_RETURN_TYPE = YES_ERROR;
				GCC_WARN_UNDECLARED_SELECTOR = YES;
				GCC_WARN_UNINITIALIZED_AUTOS = YES_AGGRESSIVE;
				GCC_WARN_UNUSED_FUNCTION = YES;
				GCC_WARN_UNUSED_VARIABLE = YES;
				IPHONEOS_DEPLOYMENT_TARGET = 13.1;
				MTL_ENABLE_DEBUG_INFO = NO;
				MTL_FAST_MATH = YES;
				SDKROOT = iphoneos;
				SWIFT_COMPILATION_MODE = wholemodule;
				SWIFT_OPTIMIZATION_LEVEL = "-O";
				VALIDATE_PRODUCT = YES;
			};
			name = Release;
		};
		DCAC89CB23529CCA00FC4232 /* Debug */ = {
			isa = XCBuildConfiguration;
			buildSettings = {
				ASSETCATALOG_COMPILER_APPICON_NAME = AppIcon;
				CODE_SIGN_STYLE = Automatic;
				DEVELOPMENT_ASSET_PATHS = "\"Planets/Preview Content\"";
				DEVELOPMENT_TEAM = HC666XRGRA;
				ENABLE_PREVIEWS = YES;
				INFOPLIST_FILE = Planets/Info.plist;
				LD_RUNPATH_SEARCH_PATHS = (
					"$(inherited)",
					"@executable_path/Frameworks",
				);
				PRODUCT_BUNDLE_IDENTIFIER = org.rod.Planets;
				PRODUCT_NAME = "$(TARGET_NAME)";
				SWIFT_VERSION = 5.0;
				TARGETED_DEVICE_FAMILY = "1,2";
			};
			name = Debug;
		};
		DCAC89CC23529CCA00FC4232 /* Release */ = {
			isa = XCBuildConfiguration;
			buildSettings = {
				ASSETCATALOG_COMPILER_APPICON_NAME = AppIcon;
				CODE_SIGN_STYLE = Automatic;
				DEVELOPMENT_ASSET_PATHS = "\"Planets/Preview Content\"";
				DEVELOPMENT_TEAM = HC666XRGRA;
				ENABLE_PREVIEWS = YES;
				INFOPLIST_FILE = Planets/Info.plist;
				LD_RUNPATH_SEARCH_PATHS = (
					"$(inherited)",
					"@executable_path/Frameworks",
				);
				PRODUCT_BUNDLE_IDENTIFIER = org.rod.Planets;
				PRODUCT_NAME = "$(TARGET_NAME)";
				SWIFT_VERSION = 5.0;
				TARGETED_DEVICE_FAMILY = "1,2";
			};
			name = Release;
		};
/* End XCBuildConfiguration section */

/* Begin XCConfigurationList section */
		DCAC89B123529CC900FC4232 /* Build configuration list for PBXProject "Planets" */ = {
			isa = XCConfigurationList;
			buildConfigurations = (
				DCAC89C823529CCA00FC4232 /* Debug */,
				DCAC89C923529CCA00FC4232 /* Release */,
			);
			defaultConfigurationIsVisible = 0;
			defaultConfigurationName = Release;
		};
		DCAC89CA23529CCA00FC4232 /* Build configuration list for PBXNativeTarget "Planets" */ = {
			isa = XCConfigurationList;
			buildConfigurations = (
				DCAC89CB23529CCA00FC4232 /* Debug */,
				DCAC89CC23529CCA00FC4232 /* Release */,
			);
			defaultConfigurationIsVisible = 0;
			defaultConfigurationName = Release;
		};
/* End XCConfigurationList section */
	};
	rootObject = DCAC89AE23529CC900FC4232 /* Project object */;
}
